{
  "name": "capstone-recpiebox",
  "version": "1.0.0",
  "lockfileVersion": 1,
  "requires": true,
  "dependencies": {
    "nutrition-label-jquery-plugin": {
      "version": "10.0.6",
      "resolved": "https://registry.npmjs.org/nutrition-label-jquery-plugin/-/nutrition-label-jquery-plugin-10.0.6.tgz",
      "integrity": "sha512-qoD/SNJDZh6s9zdBgQ5rbUJJUkQ64WnQHxbMugg9lvYxa2OfV4TiUGPhOrz22CCj/OO2hUagIlNz6+QqGhWKoA=="
    }
  }
}
